
Microsoft Visual Studio Solution File, Format Version 12.00
# Visual Studio Version 17
VisualStudioVersion = 17.13.36105.23 d17.13
MinimumVisualStudioVersion = 10.0.40219.1
Project("{FAE04EC0-301F-11D3-BF4B-00C04F79EFBC}") = "IDFoperationApp", "IDFoperationApp.csproj", "{FE414060-46C5-4DA0-BE5C-22BD4B376200}"
EndProject
Global
	GlobalSection(SolutionConfigurationPlatforms) = preSolution
		Debug|Any CPU = Debug|Any CPU
		Release|Any CPU = Release|Any CPU
	EndGlobalSection
	GlobalSection(ProjectConfigurationPlatforms) = postSolution
		{FE414060-46C5-4DA0-BE5C-22BD4B376200}.Debug|Any CPU.ActiveCfg = Debug|Any CPU
		{FE414060-46C5-4DA0-BE5C-22BD4B376200}.Debug|Any CPU.Build.0 = Debug|Any CPU
		{FE414060-46C5-4DA0-BE5C-22BD4B376200}.Release|Any CPU.ActiveCfg = Release|Any CPU
		{FE414060-46C5-4DA0-BE5C-22BD4B376200}.Release|Any CPU.Build.0 = Release|Any CPU
	EndGlobalSection
	GlobalSection(SolutionProperties) = preSolution
		HideSolutionNode = FALSE
	EndGlobalSection
	GlobalSection(ExtensibilityGlobals) = postSolution
		SolutionGuid = {C7E2B9EF-7B19-4DED-8DF9-BB82E46C6D4F}
	EndGlobalSection
EndGlobal
